
Microsoft Visual Studio Solution File, Format Version 12.00
# Visual Studio 2015
Project("{FAE04EC0-301F-11D3-BF4B-00C04F79EFBC}") = "tank-a-lot.CSharp", "tank-a-lot.CSharp.csproj", "{D62797F5-555A-177F-EFBA-B1465A4BD46E}"
EndProject
Global
	GlobalSection(SolutionConfigurationPlatforms) = preSolution
		Debug|Any CPU = Debug|Any CPU
		Release|Any CPU = Release|Any CPU
	EndGlobalSection
	GlobalSection(ProjectConfigurationPlatforms) = postSolution
		{D62797F5-555A-177F-EFBA-B1465A4BD46E}.Debug|Any CPU.ActiveCfg = Debug|Any CPU
		{D62797F5-555A-177F-EFBA-B1465A4BD46E}.Debug|Any CPU.Build.0 = Debug|Any CPU
		{D62797F5-555A-177F-EFBA-B1465A4BD46E}.Release|Any CPU.ActiveCfg = Release|Any CPU
		{D62797F5-555A-177F-EFBA-B1465A4BD46E}.Release|Any CPU.Build.0 = Release|Any CPU
	EndGlobalSection
	GlobalSection(SolutionProperties) = preSolution
		HideSolutionNode = FALSE
	EndGlobalSection
EndGlobal
