
Microsoft Visual Studio Solution File, Format Version 12.00
# Visual Studio 2015
Project("{FAE04EC0-301F-11D3-BF4B-00C04F79EFBC}") = "Tank-a-lot.CSharp", "Tank-a-lot.CSharp.csproj", "{CC6A9D80-1FEF-306D-4B7D-F5231C73CCFE}"
EndProject
Project("{FAE04EC0-301F-11D3-BF4B-00C04F79EFBC}") = "tank-a-lot.CSharp.Editor", "tank-a-lot.CSharp.Editor.csproj", "{DFD86680-3E26-37F3-98A1-BBCFC84EB8EF}"
EndProject
Global
	GlobalSection(SolutionConfigurationPlatforms) = preSolution
		Debug|Any CPU = Debug|Any CPU
		Release|Any CPU = Release|Any CPU
	EndGlobalSection
	GlobalSection(ProjectConfigurationPlatforms) = postSolution
<<<<<<< HEAD
		{CC6A9D80-1FEF-306D-4B7D-F5231C73CCFE}.Debug|Any CPU.ActiveCfg = Debug|Any CPU
		{CC6A9D80-1FEF-306D-4B7D-F5231C73CCFE}.Debug|Any CPU.Build.0 = Debug|Any CPU
		{CC6A9D80-1FEF-306D-4B7D-F5231C73CCFE}.Release|Any CPU.ActiveCfg = Release|Any CPU
		{CC6A9D80-1FEF-306D-4B7D-F5231C73CCFE}.Release|Any CPU.Build.0 = Release|Any CPU
=======
		{D62797F5-555A-177F-EFBA-B1465A4BD46E}.Debug|Any CPU.ActiveCfg = Debug|Any CPU
		{D62797F5-555A-177F-EFBA-B1465A4BD46E}.Debug|Any CPU.Build.0 = Debug|Any CPU
		{D62797F5-555A-177F-EFBA-B1465A4BD46E}.Release|Any CPU.ActiveCfg = Release|Any CPU
		{D62797F5-555A-177F-EFBA-B1465A4BD46E}.Release|Any CPU.Build.0 = Release|Any CPU
		{DFD86680-3E26-37F3-98A1-BBCFC84EB8EF}.Debug|Any CPU.ActiveCfg = Debug|Any CPU
		{DFD86680-3E26-37F3-98A1-BBCFC84EB8EF}.Debug|Any CPU.Build.0 = Debug|Any CPU
		{DFD86680-3E26-37F3-98A1-BBCFC84EB8EF}.Release|Any CPU.ActiveCfg = Release|Any CPU
		{DFD86680-3E26-37F3-98A1-BBCFC84EB8EF}.Release|Any CPU.Build.0 = Release|Any CPU
>>>>>>> 125d8034882b3b461bf82c8e532a1575409340cb
	EndGlobalSection
	GlobalSection(SolutionProperties) = preSolution
		HideSolutionNode = FALSE
	EndGlobalSection
EndGlobal
